
Microsoft Visual Studio Solution File, Format Version 12.00
# Visual Studio Version 17
VisualStudioVersion = 17.0.31903.59
MinimumVisualStudioVersion = 10.0.40219.1
Project("{FAE04EC0-301F-11D3-BF4B-00C04F79EFBC}") = "EventManagement.Api", "EventManagement.Api\EventManagement.Api.csproj", "{60F76AE2-BB93-4696-BC04-37BFDAE908BC}"
EndProject
Project("{FAE04EC0-301F-11D3-BF4B-00C04F79EFBC}") = "EventManagement.Core", "EventManagement.Core\EventManagement.Core.csproj", "{24A85F36-5F0A-4AD3-96CA-EF4D98D4B9AB}"
EndProject
Project("{FAE04EC0-301F-11D3-BF4B-00C04F79EFBC}") = "EventManagement.Infrastructure", "EventManagement.Infrastructure\EventManagement.Infrastructure.csproj", "{B968190B-A526-4BDB-AC61-86AFCA8627F5}"
EndProject
Global
	GlobalSection(SolutionConfigurationPlatforms) = preSolution
		Debug|Any CPU = Debug|Any CPU
		Release|Any CPU = Release|Any CPU
	EndGlobalSection
	GlobalSection(SolutionProperties) = preSolution
		HideSolutionNode = FALSE
	EndGlobalSection
	GlobalSection(ProjectConfigurationPlatforms) = postSolution
		{60F76AE2-BB93-4696-BC04-37BFDAE908BC}.Debug|Any CPU.ActiveCfg = Debug|Any CPU
		{60F76AE2-BB93-4696-BC04-37BFDAE908BC}.Debug|Any CPU.Build.0 = Debug|Any CPU
		{60F76AE2-BB93-4696-BC04-37BFDAE908BC}.Release|Any CPU.ActiveCfg = Release|Any CPU
		{60F76AE2-BB93-4696-BC04-37BFDAE908BC}.Release|Any CPU.Build.0 = Release|Any CPU
		{24A85F36-5F0A-4AD3-96CA-EF4D98D4B9AB}.Debug|Any CPU.ActiveCfg = Debug|Any CPU
		{24A85F36-5F0A-4AD3-96CA-EF4D98D4B9AB}.Debug|Any CPU.Build.0 = Debug|Any CPU
		{24A85F36-5F0A-4AD3-96CA-EF4D98D4B9AB}.Release|Any CPU.ActiveCfg = Release|Any CPU
		{24A85F36-5F0A-4AD3-96CA-EF4D98D4B9AB}.Release|Any CPU.Build.0 = Release|Any CPU
		{B968190B-A526-4BDB-AC61-86AFCA8627F5}.Debug|Any CPU.ActiveCfg = Debug|Any CPU
		{B968190B-A526-4BDB-AC61-86AFCA8627F5}.Debug|Any CPU.Build.0 = Debug|Any CPU
		{B968190B-A526-4BDB-AC61-86AFCA8627F5}.Release|Any CPU.ActiveCfg = Release|Any CPU
		{B968190B-A526-4BDB-AC61-86AFCA8627F5}.Release|Any CPU.Build.0 = Release|Any CPU
	EndGlobalSection
EndGlobal
